
Microsoft Visual Studio Solution File, Format Version 12.00
# Visual Studio Version 17
VisualStudioVersion = 17.0.31903.59
MinimumVisualStudioVersion = 10.0.40219.1
Project("{FAE04EC0-301F-11D3-BF4B-00C04F79EFBC}") = "BLap6_b2", "BLap6_b2\BLap6_b2.csproj", "{CAB2CD26-5DA3-4B44-80FF-8FACE35974DD}"
EndProject
Global
	GlobalSection(SolutionConfigurationPlatforms) = preSolution
		Debug|Any CPU = Debug|Any CPU
		Release|Any CPU = Release|Any CPU
	EndGlobalSection
	GlobalSection(ProjectConfigurationPlatforms) = postSolution
		{CAB2CD26-5DA3-4B44-80FF-8FACE35974DD}.Debug|Any CPU.ActiveCfg = Debug|Any CPU
		{CAB2CD26-5DA3-4B44-80FF-8FACE35974DD}.Debug|Any CPU.Build.0 = Debug|Any CPU
		{CAB2CD26-5DA3-4B44-80FF-8FACE35974DD}.Release|Any CPU.ActiveCfg = Release|Any CPU
		{CAB2CD26-5DA3-4B44-80FF-8FACE35974DD}.Release|Any CPU.Build.0 = Release|Any CPU
	EndGlobalSection
	GlobalSection(SolutionProperties) = preSolution
		HideSolutionNode = FALSE
	EndGlobalSection
	GlobalSection(ExtensibilityGlobals) = postSolution
		SolutionGuid = {7CBD2EEA-35EA-4BFC-ABEC-03CE8C5F7F0A}
	EndGlobalSection
EndGlobal
