
Microsoft Visual Studio Solution File, Format Version 12.00
# Visual Studio Version 17
VisualStudioVersion = 17.0.31903.59
MinimumVisualStudioVersion = 10.0.40219.1
Project("{FAE04EC0-301F-11D3-BF4B-00C04F79EFBC}") = "Blap6_bai3", "Blap6_bai3\Blap6_bai3.csproj", "{4855BBB8-5777-46EB-9274-90F0CEEA61FD}"
EndProject
Global
	GlobalSection(SolutionConfigurationPlatforms) = preSolution
		Debug|Any CPU = Debug|Any CPU
		Release|Any CPU = Release|Any CPU
	EndGlobalSection
	GlobalSection(ProjectConfigurationPlatforms) = postSolution
		{4855BBB8-5777-46EB-9274-90F0CEEA61FD}.Debug|Any CPU.ActiveCfg = Debug|Any CPU
		{4855BBB8-5777-46EB-9274-90F0CEEA61FD}.Debug|Any CPU.Build.0 = Debug|Any CPU
		{4855BBB8-5777-46EB-9274-90F0CEEA61FD}.Release|Any CPU.ActiveCfg = Release|Any CPU
		{4855BBB8-5777-46EB-9274-90F0CEEA61FD}.Release|Any CPU.Build.0 = Release|Any CPU
	EndGlobalSection
	GlobalSection(SolutionProperties) = preSolution
		HideSolutionNode = FALSE
	EndGlobalSection
	GlobalSection(ExtensibilityGlobals) = postSolution
		SolutionGuid = {EC322AAA-64B1-49CA-8913-AC6E9970BDFC}
	EndGlobalSection
EndGlobal
