
Microsoft Visual Studio Solution File, Format Version 12.00
# Visual Studio Version 17
VisualStudioVersion = 17.0.31903.59
MinimumVisualStudioVersion = 10.0.40219.1
Project("{FAE04EC0-301F-11D3-BF4B-00C04F79EFBC}") = "Blap3_bai8", "Blap3_bai8\Blap3_bai8.csproj", "{DBA6051E-A2CF-4117-B1B7-2A6F3C311F0E}"
EndProject
Global
	GlobalSection(SolutionConfigurationPlatforms) = preSolution
		Debug|Any CPU = Debug|Any CPU
		Release|Any CPU = Release|Any CPU
	EndGlobalSection
	GlobalSection(ProjectConfigurationPlatforms) = postSolution
		{DBA6051E-A2CF-4117-B1B7-2A6F3C311F0E}.Debug|Any CPU.ActiveCfg = Debug|Any CPU
		{DBA6051E-A2CF-4117-B1B7-2A6F3C311F0E}.Debug|Any CPU.Build.0 = Debug|Any CPU
		{DBA6051E-A2CF-4117-B1B7-2A6F3C311F0E}.Release|Any CPU.ActiveCfg = Release|Any CPU
		{DBA6051E-A2CF-4117-B1B7-2A6F3C311F0E}.Release|Any CPU.Build.0 = Release|Any CPU
	EndGlobalSection
	GlobalSection(SolutionProperties) = preSolution
		HideSolutionNode = FALSE
	EndGlobalSection
	GlobalSection(ExtensibilityGlobals) = postSolution
		SolutionGuid = {2D0D2EC9-6CAD-49A2-87F4-A0A159D40544}
	EndGlobalSection
EndGlobal
