
Microsoft Visual Studio Solution File, Format Version 12.00
# Visual Studio Version 17
VisualStudioVersion = 17.0.31903.59
MinimumVisualStudioVersion = 10.0.40219.1
Project("{FAE04EC0-301F-11D3-BF4B-00C04F79EFBC}") = "Blap4_baitap5", "Blap4_baitap5\Blap4_baitap5.csproj", "{39BDAFD9-55E8-4921-8023-DD6D41F569BC}"
EndProject
Global
	GlobalSection(SolutionConfigurationPlatforms) = preSolution
		Debug|Any CPU = Debug|Any CPU
		Release|Any CPU = Release|Any CPU
	EndGlobalSection
	GlobalSection(ProjectConfigurationPlatforms) = postSolution
		{39BDAFD9-55E8-4921-8023-DD6D41F569BC}.Debug|Any CPU.ActiveCfg = Debug|Any CPU
		{39BDAFD9-55E8-4921-8023-DD6D41F569BC}.Debug|Any CPU.Build.0 = Debug|Any CPU
		{39BDAFD9-55E8-4921-8023-DD6D41F569BC}.Release|Any CPU.ActiveCfg = Release|Any CPU
		{39BDAFD9-55E8-4921-8023-DD6D41F569BC}.Release|Any CPU.Build.0 = Release|Any CPU
	EndGlobalSection
	GlobalSection(SolutionProperties) = preSolution
		HideSolutionNode = FALSE
	EndGlobalSection
	GlobalSection(ExtensibilityGlobals) = postSolution
		SolutionGuid = {5E055151-6C08-405D-8510-ACE9C163D2DF}
	EndGlobalSection
EndGlobal
