
Microsoft Visual Studio Solution File, Format Version 12.00
# Visual Studio Version 17
VisualStudioVersion = 17.0.31903.59
MinimumVisualStudioVersion = 10.0.40219.1
Project("{FAE04EC0-301F-11D3-BF4B-00C04F79EFBC}") = "Blap4_baitap7", "Blap4_baitap7\Blap4_baitap7.csproj", "{B4F495F8-D0B6-4967-86C4-FB291ED8B58B}"
EndProject
Global
	GlobalSection(SolutionConfigurationPlatforms) = preSolution
		Debug|Any CPU = Debug|Any CPU
		Release|Any CPU = Release|Any CPU
	EndGlobalSection
	GlobalSection(ProjectConfigurationPlatforms) = postSolution
		{B4F495F8-D0B6-4967-86C4-FB291ED8B58B}.Debug|Any CPU.ActiveCfg = Debug|Any CPU
		{B4F495F8-D0B6-4967-86C4-FB291ED8B58B}.Debug|Any CPU.Build.0 = Debug|Any CPU
		{B4F495F8-D0B6-4967-86C4-FB291ED8B58B}.Release|Any CPU.ActiveCfg = Release|Any CPU
		{B4F495F8-D0B6-4967-86C4-FB291ED8B58B}.Release|Any CPU.Build.0 = Release|Any CPU
	EndGlobalSection
	GlobalSection(SolutionProperties) = preSolution
		HideSolutionNode = FALSE
	EndGlobalSection
	GlobalSection(ExtensibilityGlobals) = postSolution
		SolutionGuid = {F5175F54-7F61-4109-9DEB-0E0A09AB63D7}
	EndGlobalSection
EndGlobal
