
Microsoft Visual Studio Solution File, Format Version 12.00
# Visual Studio Version 17
VisualStudioVersion = 17.0.31903.59
MinimumVisualStudioVersion = 10.0.40219.1
Project("{FAE04EC0-301F-11D3-BF4B-00C04F79EFBC}") = "Blap6_baitap6", "Blap6_baitap6\Blap6_baitap6.csproj", "{8D92355A-F33D-4FA2-BD7B-40B43549AE51}"
EndProject
Global
	GlobalSection(SolutionConfigurationPlatforms) = preSolution
		Debug|Any CPU = Debug|Any CPU
		Release|Any CPU = Release|Any CPU
	EndGlobalSection
	GlobalSection(ProjectConfigurationPlatforms) = postSolution
		{8D92355A-F33D-4FA2-BD7B-40B43549AE51}.Debug|Any CPU.ActiveCfg = Debug|Any CPU
		{8D92355A-F33D-4FA2-BD7B-40B43549AE51}.Debug|Any CPU.Build.0 = Debug|Any CPU
		{8D92355A-F33D-4FA2-BD7B-40B43549AE51}.Release|Any CPU.ActiveCfg = Release|Any CPU
		{8D92355A-F33D-4FA2-BD7B-40B43549AE51}.Release|Any CPU.Build.0 = Release|Any CPU
	EndGlobalSection
	GlobalSection(SolutionProperties) = preSolution
		HideSolutionNode = FALSE
	EndGlobalSection
	GlobalSection(ExtensibilityGlobals) = postSolution
		SolutionGuid = {6EBFBBAF-1C4D-458E-AB19-E9FE2519A38C}
	EndGlobalSection
EndGlobal
