
Microsoft Visual Studio Solution File, Format Version 12.00
# Visual Studio Version 17
VisualStudioVersion = 17.0.31903.59
MinimumVisualStudioVersion = 10.0.40219.1
Project("{FAE04EC0-301F-11D3-BF4B-00C04F79EFBC}") = "Blap3_bai5", "Blap3_bai5\Blap3_bai5.csproj", "{B48B0F0D-9BA8-4AE2-BC61-33CD42873930}"
EndProject
Global
	GlobalSection(SolutionConfigurationPlatforms) = preSolution
		Debug|Any CPU = Debug|Any CPU
		Release|Any CPU = Release|Any CPU
	EndGlobalSection
	GlobalSection(ProjectConfigurationPlatforms) = postSolution
		{B48B0F0D-9BA8-4AE2-BC61-33CD42873930}.Debug|Any CPU.ActiveCfg = Debug|Any CPU
		{B48B0F0D-9BA8-4AE2-BC61-33CD42873930}.Debug|Any CPU.Build.0 = Debug|Any CPU
		{B48B0F0D-9BA8-4AE2-BC61-33CD42873930}.Release|Any CPU.ActiveCfg = Release|Any CPU
		{B48B0F0D-9BA8-4AE2-BC61-33CD42873930}.Release|Any CPU.Build.0 = Release|Any CPU
	EndGlobalSection
	GlobalSection(SolutionProperties) = preSolution
		HideSolutionNode = FALSE
	EndGlobalSection
	GlobalSection(ExtensibilityGlobals) = postSolution
		SolutionGuid = {905C2559-9FE0-433A-BCD4-46E17E6B22FB}
	EndGlobalSection
EndGlobal
