
Microsoft Visual Studio Solution File, Format Version 12.00
# Visual Studio Version 17
VisualStudioVersion = 17.0.31903.59
MinimumVisualStudioVersion = 10.0.40219.1
Project("{FAE04EC0-301F-11D3-BF4B-00C04F79EFBC}") = "Blap6_bai7", "Blap6_bai7\Blap6_bai7.csproj", "{B39B96CD-753D-45CB-B45E-AA30CF886979}"
EndProject
Global
	GlobalSection(SolutionConfigurationPlatforms) = preSolution
		Debug|Any CPU = Debug|Any CPU
		Release|Any CPU = Release|Any CPU
	EndGlobalSection
	GlobalSection(ProjectConfigurationPlatforms) = postSolution
		{B39B96CD-753D-45CB-B45E-AA30CF886979}.Debug|Any CPU.ActiveCfg = Debug|Any CPU
		{B39B96CD-753D-45CB-B45E-AA30CF886979}.Debug|Any CPU.Build.0 = Debug|Any CPU
		{B39B96CD-753D-45CB-B45E-AA30CF886979}.Release|Any CPU.ActiveCfg = Release|Any CPU
		{B39B96CD-753D-45CB-B45E-AA30CF886979}.Release|Any CPU.Build.0 = Release|Any CPU
	EndGlobalSection
	GlobalSection(SolutionProperties) = preSolution
		HideSolutionNode = FALSE
	EndGlobalSection
	GlobalSection(ExtensibilityGlobals) = postSolution
		SolutionGuid = {6D3BB2E1-2EED-4BBB-9B72-39EACCE20009}
	EndGlobalSection
EndGlobal
