
Microsoft Visual Studio Solution File, Format Version 12.00
# Visual Studio Version 17
VisualStudioVersion = 17.0.31903.59
MinimumVisualStudioVersion = 10.0.40219.1
Project("{FAE04EC0-301F-11D3-BF4B-00C04F79EFBC}") = "Blap6_BT1", "Blap6_BT1\Blap6_BT1.csproj", "{6E9B6501-BC1A-42D9-9D26-8FC53A6C660A}"
EndProject
Global
	GlobalSection(SolutionConfigurationPlatforms) = preSolution
		Debug|Any CPU = Debug|Any CPU
		Release|Any CPU = Release|Any CPU
	EndGlobalSection
	GlobalSection(ProjectConfigurationPlatforms) = postSolution
		{6E9B6501-BC1A-42D9-9D26-8FC53A6C660A}.Debug|Any CPU.ActiveCfg = Debug|Any CPU
		{6E9B6501-BC1A-42D9-9D26-8FC53A6C660A}.Debug|Any CPU.Build.0 = Debug|Any CPU
		{6E9B6501-BC1A-42D9-9D26-8FC53A6C660A}.Release|Any CPU.ActiveCfg = Release|Any CPU
		{6E9B6501-BC1A-42D9-9D26-8FC53A6C660A}.Release|Any CPU.Build.0 = Release|Any CPU
	EndGlobalSection
	GlobalSection(SolutionProperties) = preSolution
		HideSolutionNode = FALSE
	EndGlobalSection
	GlobalSection(ExtensibilityGlobals) = postSolution
		SolutionGuid = {AD897820-9547-4ED0-8D58-5299B3C6B0BF}
	EndGlobalSection
EndGlobal
